// !$*UTF8*$!
{
	archiveVersion = 1;
	classes = {
	};
	objectVersion = 54;
	objects = {

/* Begin PBXBuildFile section */
		0C80B921A6F3F58F76C31292 /* libPods-TC_mobile.a in Frameworks */ = {isa = PBXBuildFile; fileRef = 5DCACB8F33CDC322A6C60F78 /* libPods-TC_mobile.a */; };
		13B07FBF1A68108700A75B9A /* Images.xcassets in Resources */ = {isa = PBXBuildFile; fileRef = 13B07FB51A68108700A75B9A /* Images.xcassets */; };
		761780ED2CA45674006654EE /* AppDelegate.swift in Sources */ = {isa = PBXBuildFile; fileRef = 761780EC2CA45674006654EE /* AppDelegate.swift */; };
		81AB9BB82411601600AC10FF /* LaunchScreen.storyboard in Resources */ = {isa = PBXBuildFile; fileRef = 81AB9BB72411601600AC10FF /* LaunchScreen.storyboard */; };
		91A2C32CF0114292933FA954 /* InstrumentSans-Bold.ttf in Resources */ = {isa = PBXBuildFile; fileRef = 61BD98205D294D0F972C8F62 /* InstrumentSans-Bold.ttf */; };
		43237D8181324424BCB1A50C /* InstrumentSans-BoldItalic.ttf in Resources */ = {isa = PBXBuildFile; fileRef = 703FE52570A543EE9B85C097 /* InstrumentSans-BoldItalic.ttf */; };
		015322470EAD49BC88D31500 /* InstrumentSans-Italic.ttf in Resources */ = {isa = PBXBuildFile; fileRef = 00EF8A58AAFE4A37BDF5C0AD /* InstrumentSans-Italic.ttf */; };
		8C0B5F6FA1BC4121B3FCBA9D /* InstrumentSans-Medium.ttf in Resources */ = {isa = PBXBuildFile; fileRef = D36BDCD2B49A4816AD636C81 /* InstrumentSans-Medium.ttf */; };
		AB6713EBC0304F1FACF3DA52 /* InstrumentSans-MediumItalic.ttf in Resources */ = {isa = PBXBuildFile; fileRef = 4C53B983DBE74F038167123D /* InstrumentSans-MediumItalic.ttf */; };
		F76A7CAC0F594AA39D86C23F /* InstrumentSans-Regular.ttf in Resources */ = {isa = PBXBuildFile; fileRef = A6D05BE44A43429EA5A1BED0 /* InstrumentSans-Regular.ttf */; };
		6CF8B460D6C74EA6B4B83A8E /* InstrumentSans-SemiBold.ttf in Resources */ = {isa = PBXBuildFile; fileRef = 489434CDE11843C0AB98D688 /* InstrumentSans-SemiBold.ttf */; };
		01E426AA3A5741C8B5D4DA27 /* InstrumentSans-SemiBoldItalic.ttf in Resources */ = {isa = PBXBuildFile; fileRef = DB51C7F07A8F42E1BF12A7CB /* InstrumentSans-SemiBoldItalic.ttf */; };
		675B0D00062D4F1C952A3920 /* InstrumentSans_Condensed-Bold.ttf in Resources */ = {isa = PBXBuildFile; fileRef = 2C799C8DF56D475FA808B68E /* InstrumentSans_Condensed-Bold.ttf */; };
		12BB3797D995440CB2CCED90 /* InstrumentSans_Condensed-BoldItalic.ttf in Resources */ = {isa = PBXBuildFile; fileRef = 7C43B3C84435400B89A5A05F /* InstrumentSans_Condensed-BoldItalic.ttf */; };
		47D7524B14614843BBA816F6 /* InstrumentSans_Condensed-Italic.ttf in Resources */ = {isa = PBXBuildFile; fileRef = F4CE82CCB09F4A00900F14BB /* InstrumentSans_Condensed-Italic.ttf */; };
		AF2277C4E87E4FA5ABE9500C /* InstrumentSans_Condensed-Medium.ttf in Resources */ = {isa = PBXBuildFile; fileRef = 0F487A095BCE4488A1593466 /* InstrumentSans_Condensed-Medium.ttf */; };
		B42DEF5760D445C998FA0535 /* InstrumentSans_Condensed-MediumItalic.ttf in Resources */ = {isa = PBXBuildFile; fileRef = 902948C844E248D494A1E50E /* InstrumentSans_Condensed-MediumItalic.ttf */; };
		65EC07E4F8B04685ACF9C956 /* InstrumentSans_Condensed-Regular.ttf in Resources */ = {isa = PBXBuildFile; fileRef = FAF19CA9996A48F4AAE1B5B0 /* InstrumentSans_Condensed-Regular.ttf */; };
		CB1FBB8708F244D686B7B6F3 /* InstrumentSans_Condensed-SemiBold.ttf in Resources */ = {isa = PBXBuildFile; fileRef = CC82D9ED8983400891B5BA76 /* InstrumentSans_Condensed-SemiBold.ttf */; };
		6C1B19BC944247C490F34B6C /* InstrumentSans_Condensed-SemiBoldItalic.ttf in Resources */ = {isa = PBXBuildFile; fileRef = 60DCAECE6C9745DD8BC053B2 /* InstrumentSans_Condensed-SemiBoldItalic.ttf */; };
		7AAE47EA1DC74833923F2D25 /* InstrumentSans_SemiCondensed-Bold.ttf in Resources */ = {isa = PBXBuildFile; fileRef = F7EBF6AD49364E4A83798D05 /* InstrumentSans_SemiCondensed-Bold.ttf */; };
		C55D835F75AE483BBCEB1D30 /* InstrumentSans_SemiCondensed-BoldItalic.ttf in Resources */ = {isa = PBXBuildFile; fileRef = 8476E9361C814FEBA5E41FF3 /* InstrumentSans_SemiCondensed-BoldItalic.ttf */; };
		E5E25269388F4E72A0B9D374 /* InstrumentSans_SemiCondensed-Italic.ttf in Resources */ = {isa = PBXBuildFile; fileRef = 3091BD2A67BB40E784037E8C /* InstrumentSans_SemiCondensed-Italic.ttf */; };
		D3D09C4B64B748BB8F72638B /* InstrumentSans_SemiCondensed-Medium.ttf in Resources */ = {isa = PBXBuildFile; fileRef = 44FB7A3342364152B5E7FA60 /* InstrumentSans_SemiCondensed-Medium.ttf */; };
		E09F08F4D78E4363B0010E83 /* InstrumentSans_SemiCondensed-MediumItalic.ttf in Resources */ = {isa = PBXBuildFile; fileRef = 238AC0BF5C474A42BDF7EB5F /* InstrumentSans_SemiCondensed-MediumItalic.ttf */; };
		3778B4459BA14C9BB2BA034F /* InstrumentSans_SemiCondensed-Regular.ttf in Resources */ = {isa = PBXBuildFile; fileRef = B9C1DFB8C7FE44F4B480BCD2 /* InstrumentSans_SemiCondensed-Regular.ttf */; };
		97BE8C6B17AB4EEF960B79F0 /* InstrumentSans_SemiCondensed-SemiBold.ttf in Resources */ = {isa = PBXBuildFile; fileRef = 11495F9BA5B94A03A0F6FA99 /* InstrumentSans_SemiCondensed-SemiBold.ttf */; };
		023A2C18933C4FA0AC1AE232 /* InstrumentSans_SemiCondensed-SemiBoldItalic.ttf in Resources */ = {isa = PBXBuildFile; fileRef = EAA675FD7D5E4E9EAA080C3D /* InstrumentSans_SemiCondensed-SemiBoldItalic.ttf */; };
/* End PBXBuildFile section */

/* Begin PBXFileReference section */
		13B07F961A680F5B00A75B9A /* TC_mobile.app */ = {isa = PBXFileReference; explicitFileType = wrapper.application; includeInIndex = 0; path = TC_mobile.app; sourceTree = BUILT_PRODUCTS_DIR; };
		13B07FB51A68108700A75B9A /* Images.xcassets */ = {isa = PBXFileReference; lastKnownFileType = folder.assetcatalog; name = Images.xcassets; path = TC_mobile/Images.xcassets; sourceTree = "<group>"; };
		13B07FB61A68108700A75B9A /* Info.plist */ = {isa = PBXFileReference; fileEncoding = 4; lastKnownFileType = text.plist.xml; name = Info.plist; path = TC_mobile/Info.plist; sourceTree = "<group>"; };
		13B07FB81A68108700A75B9A /* PrivacyInfo.xcprivacy */ = {isa = PBXFileReference; fileEncoding = 4; lastKnownFileType = text.plist.xml; name = PrivacyInfo.xcprivacy; path = TC_mobile/PrivacyInfo.xcprivacy; sourceTree = "<group>"; };
		3B4392A12AC88292D35C810B /* Pods-TC_mobile.debug.xcconfig */ = {isa = PBXFileReference; includeInIndex = 1; lastKnownFileType = text.xcconfig; name = "Pods-TC_mobile.debug.xcconfig"; path = "Target Support Files/Pods-TC_mobile/Pods-TC_mobile.debug.xcconfig"; sourceTree = "<group>"; };
		5709B34CF0A7D63546082F79 /* Pods-TC_mobile.release.xcconfig */ = {isa = PBXFileReference; includeInIndex = 1; lastKnownFileType = text.xcconfig; name = "Pods-TC_mobile.release.xcconfig"; path = "Target Support Files/Pods-TC_mobile/Pods-TC_mobile.release.xcconfig"; sourceTree = "<group>"; };
		5DCACB8F33CDC322A6C60F78 /* libPods-TC_mobile.a */ = {isa = PBXFileReference; explicitFileType = archive.ar; includeInIndex = 0; path = "libPods-TC_mobile.a"; sourceTree = BUILT_PRODUCTS_DIR; };
		761780EC2CA45674006654EE /* AppDelegate.swift */ = {isa = PBXFileReference; lastKnownFileType = sourcecode.swift; name = AppDelegate.swift; path = TC_mobile/AppDelegate.swift; sourceTree = "<group>"; };
		81AB9BB72411601600AC10FF /* LaunchScreen.storyboard */ = {isa = PBXFileReference; fileEncoding = 4; lastKnownFileType = file.storyboard; name = LaunchScreen.storyboard; path = TC_mobile/LaunchScreen.storyboard; sourceTree = "<group>"; };
		ED297162215061F000B7C4FE /* JavaScriptCore.framework */ = {isa = PBXFileReference; lastKnownFileType = wrapper.framework; name = JavaScriptCore.framework; path = System/Library/Frameworks/JavaScriptCore.framework; sourceTree = SDKROOT; };
		61BD98205D294D0F972C8F62 /* InstrumentSans-Bold.ttf */ = {isa = PBXFileReference; name = "InstrumentSans-Bold.ttf"; path = "../assets/fonts/InstrumentSans-Bold.ttf"; sourceTree = "<group>"; fileEncoding = undefined; lastKnownFileType = unknown; explicitFileType = undefined; includeInIndex = 0; };
		703FE52570A543EE9B85C097 /* InstrumentSans-BoldItalic.ttf */ = {isa = PBXFileReference; name = "InstrumentSans-BoldItalic.ttf"; path = "../assets/fonts/InstrumentSans-BoldItalic.ttf"; sourceTree = "<group>"; fileEncoding = undefined; lastKnownFileType = unknown; explicitFileType = undefined; includeInIndex = 0; };
		00EF8A58AAFE4A37BDF5C0AD /* InstrumentSans-Italic.ttf */ = {isa = PBXFileReference; name = "InstrumentSans-Italic.ttf"; path = "../assets/fonts/InstrumentSans-Italic.ttf"; sourceTree = "<group>"; fileEncoding = undefined; lastKnownFileType = unknown; explicitFileType = undefined; includeInIndex = 0; };
		D36BDCD2B49A4816AD636C81 /* InstrumentSans-Medium.ttf */ = {isa = PBXFileReference; name = "InstrumentSans-Medium.ttf"; path = "../assets/fonts/InstrumentSans-Medium.ttf"; sourceTree = "<group>"; fileEncoding = undefined; lastKnownFileType = unknown; explicitFileType = undefined; includeInIndex = 0; };
		4C53B983DBE74F038167123D /* InstrumentSans-MediumItalic.ttf */ = {isa = PBXFileReference; name = "InstrumentSans-MediumItalic.ttf"; path = "../assets/fonts/InstrumentSans-MediumItalic.ttf"; sourceTree = "<group>"; fileEncoding = undefined; lastKnownFileType = unknown; explicitFileType = undefined; includeInIndex = 0; };
		A6D05BE44A43429EA5A1BED0 /* InstrumentSans-Regular.ttf */ = {isa = PBXFileReference; name = "InstrumentSans-Regular.ttf"; path = "../assets/fonts/InstrumentSans-Regular.ttf"; sourceTree = "<group>"; fileEncoding = undefined; lastKnownFileType = unknown; explicitFileType = undefined; includeInIndex = 0; };
		489434CDE11843C0AB98D688 /* InstrumentSans-SemiBold.ttf */ = {isa = PBXFileReference; name = "InstrumentSans-SemiBold.ttf"; path = "../assets/fonts/InstrumentSans-SemiBold.ttf"; sourceTree = "<group>"; fileEncoding = undefined; lastKnownFileType = unknown; explicitFileType = undefined; includeInIndex = 0; };
		DB51C7F07A8F42E1BF12A7CB /* InstrumentSans-SemiBoldItalic.ttf */ = {isa = PBXFileReference; name = "InstrumentSans-SemiBoldItalic.ttf"; path = "../assets/fonts/InstrumentSans-SemiBoldItalic.ttf"; sourceTree = "<group>"; fileEncoding = undefined; lastKnownFileType = unknown; explicitFileType = undefined; includeInIndex = 0; };
		2C799C8DF56D475FA808B68E /* InstrumentSans_Condensed-Bold.ttf */ = {isa = PBXFileReference; name = "InstrumentSans_Condensed-Bold.ttf"; path = "../assets/fonts/InstrumentSans_Condensed-Bold.ttf"; sourceTree = "<group>"; fileEncoding = undefined; lastKnownFileType = unknown; explicitFileType = undefined; includeInIndex = 0; };
		7C43B3C84435400B89A5A05F /* InstrumentSans_Condensed-BoldItalic.ttf */ = {isa = PBXFileReference; name = "InstrumentSans_Condensed-BoldItalic.ttf"; path = "../assets/fonts/InstrumentSans_Condensed-BoldItalic.ttf"; sourceTree = "<group>"; fileEncoding = undefined; lastKnownFileType = unknown; explicitFileType = undefined; includeInIndex = 0; };
		F4CE82CCB09F4A00900F14BB /* InstrumentSans_Condensed-Italic.ttf */ = {isa = PBXFileReference; name = "InstrumentSans_Condensed-Italic.ttf"; path = "../assets/fonts/InstrumentSans_Condensed-Italic.ttf"; sourceTree = "<group>"; fileEncoding = undefined; lastKnownFileType = unknown; explicitFileType = undefined; includeInIndex = 0; };
		0F487A095BCE4488A1593466 /* InstrumentSans_Condensed-Medium.ttf */ = {isa = PBXFileReference; name = "InstrumentSans_Condensed-Medium.ttf"; path = "../assets/fonts/InstrumentSans_Condensed-Medium.ttf"; sourceTree = "<group>"; fileEncoding = undefined; lastKnownFileType = unknown; explicitFileType = undefined; includeInIndex = 0; };
		902948C844E248D494A1E50E /* InstrumentSans_Condensed-MediumItalic.ttf */ = {isa = PBXFileReference; name = "InstrumentSans_Condensed-MediumItalic.ttf"; path = "../assets/fonts/InstrumentSans_Condensed-MediumItalic.ttf"; sourceTree = "<group>"; fileEncoding = undefined; lastKnownFileType = unknown; explicitFileType = undefined; includeInIndex = 0; };
		FAF19CA9996A48F4AAE1B5B0 /* InstrumentSans_Condensed-Regular.ttf */ = {isa = PBXFileReference; name = "InstrumentSans_Condensed-Regular.ttf"; path = "../assets/fonts/InstrumentSans_Condensed-Regular.ttf"; sourceTree = "<group>"; fileEncoding = undefined; lastKnownFileType = unknown; explicitFileType = undefined; includeInIndex = 0; };
		CC82D9ED8983400891B5BA76 /* InstrumentSans_Condensed-SemiBold.ttf */ = {isa = PBXFileReference; name = "InstrumentSans_Condensed-SemiBold.ttf"; path = "../assets/fonts/InstrumentSans_Condensed-SemiBold.ttf"; sourceTree = "<group>"; fileEncoding = undefined; lastKnownFileType = unknown; explicitFileType = undefined; includeInIndex = 0; };
		60DCAECE6C9745DD8BC053B2 /* InstrumentSans_Condensed-SemiBoldItalic.ttf */ = {isa = PBXFileReference; name = "InstrumentSans_Condensed-SemiBoldItalic.ttf"; path = "../assets/fonts/InstrumentSans_Condensed-SemiBoldItalic.ttf"; sourceTree = "<group>"; fileEncoding = undefined; lastKnownFileType = unknown; explicitFileType = undefined; includeInIndex = 0; };
		F7EBF6AD49364E4A83798D05 /* InstrumentSans_SemiCondensed-Bold.ttf */ = {isa = PBXFileReference; name = "InstrumentSans_SemiCondensed-Bold.ttf"; path = "../assets/fonts/InstrumentSans_SemiCondensed-Bold.ttf"; sourceTree = "<group>"; fileEncoding = undefined; lastKnownFileType = unknown; explicitFileType = undefined; includeInIndex = 0; };
		8476E9361C814FEBA5E41FF3 /* InstrumentSans_SemiCondensed-BoldItalic.ttf */ = {isa = PBXFileReference; name = "InstrumentSans_SemiCondensed-BoldItalic.ttf"; path = "../assets/fonts/InstrumentSans_SemiCondensed-BoldItalic.ttf"; sourceTree = "<group>"; fileEncoding = undefined; lastKnownFileType = unknown; explicitFileType = undefined; includeInIndex = 0; };
		3091BD2A67BB40E784037E8C /* InstrumentSans_SemiCondensed-Italic.ttf */ = {isa = PBXFileReference; name = "InstrumentSans_SemiCondensed-Italic.ttf"; path = "../assets/fonts/InstrumentSans_SemiCondensed-Italic.ttf"; sourceTree = "<group>"; fileEncoding = undefined; lastKnownFileType = unknown; explicitFileType = undefined; includeInIndex = 0; };
		44FB7A3342364152B5E7FA60 /* InstrumentSans_SemiCondensed-Medium.ttf */ = {isa = PBXFileReference; name = "InstrumentSans_SemiCondensed-Medium.ttf"; path = "../assets/fonts/InstrumentSans_SemiCondensed-Medium.ttf"; sourceTree = "<group>"; fileEncoding = undefined; lastKnownFileType = unknown; explicitFileType = undefined; includeInIndex = 0; };
		238AC0BF5C474A42BDF7EB5F /* InstrumentSans_SemiCondensed-MediumItalic.ttf */ = {isa = PBXFileReference; name = "InstrumentSans_SemiCondensed-MediumItalic.ttf"; path = "../assets/fonts/InstrumentSans_SemiCondensed-MediumItalic.ttf"; sourceTree = "<group>"; fileEncoding = undefined; lastKnownFileType = unknown; explicitFileType = undefined; includeInIndex = 0; };
		B9C1DFB8C7FE44F4B480BCD2 /* InstrumentSans_SemiCondensed-Regular.ttf */ = {isa = PBXFileReference; name = "InstrumentSans_SemiCondensed-Regular.ttf"; path = "../assets/fonts/InstrumentSans_SemiCondensed-Regular.ttf"; sourceTree = "<group>"; fileEncoding = undefined; lastKnownFileType = unknown; explicitFileType = undefined; includeInIndex = 0; };
		11495F9BA5B94A03A0F6FA99 /* InstrumentSans_SemiCondensed-SemiBold.ttf */ = {isa = PBXFileReference; name = "InstrumentSans_SemiCondensed-SemiBold.ttf"; path = "../assets/fonts/InstrumentSans_SemiCondensed-SemiBold.ttf"; sourceTree = "<group>"; fileEncoding = undefined; lastKnownFileType = unknown; explicitFileType = undefined; includeInIndex = 0; };
		EAA675FD7D5E4E9EAA080C3D /* InstrumentSans_SemiCondensed-SemiBoldItalic.ttf */ = {isa = PBXFileReference; name = "InstrumentSans_SemiCondensed-SemiBoldItalic.ttf"; path = "../assets/fonts/InstrumentSans_SemiCondensed-SemiBoldItalic.ttf"; sourceTree = "<group>"; fileEncoding = undefined; lastKnownFileType = unknown; explicitFileType = undefined; includeInIndex = 0; };
/* End PBXFileReference section */

/* Begin PBXFrameworksBuildPhase section */
		13B07F8C1A680F5B00A75B9A /* Frameworks */ = {
			isa = PBXFrameworksBuildPhase;
			buildActionMask = 2147483647;
			files = (
				0C80B921A6F3F58F76C31292 /* libPods-TC_mobile.a in Frameworks */,
			);
			runOnlyForDeploymentPostprocessing = 0;
		};
/* End PBXFrameworksBuildPhase section */

/* Begin PBXGroup section */
		13B07FAE1A68108700A75B9A /* TC_mobile */ = {
			isa = PBXGroup;
			children = (
				13B07FB51A68108700A75B9A /* Images.xcassets */,
				761780EC2CA45674006654EE /* AppDelegate.swift */,
				13B07FB61A68108700A75B9A /* Info.plist */,
				81AB9BB72411601600AC10FF /* LaunchScreen.storyboard */,
				13B07FB81A68108700A75B9A /* PrivacyInfo.xcprivacy */,
			);
			name = TC_mobile;
			sourceTree = "<group>";
		};
		2D16E6871FA4F8E400B85C8A /* Frameworks */ = {
			isa = PBXGroup;
			children = (
				ED297162215061F000B7C4FE /* JavaScriptCore.framework */,
				5DCACB8F33CDC322A6C60F78 /* libPods-TC_mobile.a */,
			);
			name = Frameworks;
			sourceTree = "<group>";
		};
		832341AE1AAA6A7D00B99B32 /* Libraries */ = {
			isa = PBXGroup;
			children = (
			);
			name = Libraries;
			sourceTree = "<group>";
		};
		83CBB9F61A601CBA00E9B192 = {
			isa = PBXGroup;
			children = (
				13B07FAE1A68108700A75B9A /* TC_mobile */,
				832341AE1AAA6A7D00B99B32 /* Libraries */,
				83CBBA001A601CBA00E9B192 /* Products */,
				2D16E6871FA4F8E400B85C8A /* Frameworks */,
				BBD78D7AC51CEA395F1C20DB /* Pods */,
				EC1725CD77854E098E408A46 /* Resources */,
			);
			indentWidth = 2;
			sourceTree = "<group>";
			tabWidth = 2;
			usesTabs = 0;
		};
		83CBBA001A601CBA00E9B192 /* Products */ = {
			isa = PBXGroup;
			children = (
				13B07F961A680F5B00A75B9A /* TC_mobile.app */,
			);
			name = Products;
			sourceTree = "<group>";
		};
		BBD78D7AC51CEA395F1C20DB /* Pods */ = {
			isa = PBXGroup;
			children = (
				3B4392A12AC88292D35C810B /* Pods-TC_mobile.debug.xcconfig */,
				5709B34CF0A7D63546082F79 /* Pods-TC_mobile.release.xcconfig */,
			);
			path = Pods;
			sourceTree = "<group>";
		};
		EC1725CD77854E098E408A46 /* Resources */ = {
			isa = "PBXGroup";
			children = (
				61BD98205D294D0F972C8F62 /* InstrumentSans-Bold.ttf */,
				703FE52570A543EE9B85C097 /* InstrumentSans-BoldItalic.ttf */,
				00EF8A58AAFE4A37BDF5C0AD /* InstrumentSans-Italic.ttf */,
				D36BDCD2B49A4816AD636C81 /* InstrumentSans-Medium.ttf */,
				4C53B983DBE74F038167123D /* InstrumentSans-MediumItalic.ttf */,
				A6D05BE44A43429EA5A1BED0 /* InstrumentSans-Regular.ttf */,
				489434CDE11843C0AB98D688 /* InstrumentSans-SemiBold.ttf */,
				DB51C7F07A8F42E1BF12A7CB /* InstrumentSans-SemiBoldItalic.ttf */,
				2C799C8DF56D475FA808B68E /* InstrumentSans_Condensed-Bold.ttf */,
				7C43B3C84435400B89A5A05F /* InstrumentSans_Condensed-BoldItalic.ttf */,
				F4CE82CCB09F4A00900F14BB /* InstrumentSans_Condensed-Italic.ttf */,
				0F487A095BCE4488A1593466 /* InstrumentSans_Condensed-Medium.ttf */,
				902948C844E248D494A1E50E /* InstrumentSans_Condensed-MediumItalic.ttf */,
				FAF19CA9996A48F4AAE1B5B0 /* InstrumentSans_Condensed-Regular.ttf */,
				CC82D9ED8983400891B5BA76 /* InstrumentSans_Condensed-SemiBold.ttf */,
				60DCAECE6C9745DD8BC053B2 /* InstrumentSans_Condensed-SemiBoldItalic.ttf */,
				F7EBF6AD49364E4A83798D05 /* InstrumentSans_SemiCondensed-Bold.ttf */,
				8476E9361C814FEBA5E41FF3 /* InstrumentSans_SemiCondensed-BoldItalic.ttf */,
				3091BD2A67BB40E784037E8C /* InstrumentSans_SemiCondensed-Italic.ttf */,
				44FB7A3342364152B5E7FA60 /* InstrumentSans_SemiCondensed-Medium.ttf */,
				238AC0BF5C474A42BDF7EB5F /* InstrumentSans_SemiCondensed-MediumItalic.ttf */,
				B9C1DFB8C7FE44F4B480BCD2 /* InstrumentSans_SemiCondensed-Regular.ttf */,
				11495F9BA5B94A03A0F6FA99 /* InstrumentSans_SemiCondensed-SemiBold.ttf */,
				EAA675FD7D5E4E9EAA080C3D /* InstrumentSans_SemiCondensed-SemiBoldItalic.ttf */,
			);
			name = Resources;
			sourceTree = "<group>";
			path = "";
		};
/* End PBXGroup section */

/* Begin PBXNativeTarget section */
		13B07F861A680F5B00A75B9A /* TC_mobile */ = {
			isa = PBXNativeTarget;
			buildConfigurationList = 13B07F931A680F5B00A75B9A /* Build configuration list for PBXNativeTarget "TC_mobile" */;
			buildPhases = (
				C38B50BA6285516D6DCD4F65 /* [CP] Check Pods Manifest.lock */,
				13B07F871A680F5B00A75B9A /* Sources */,
				13B07F8C1A680F5B00A75B9A /* Frameworks */,
				13B07F8E1A680F5B00A75B9A /* Resources */,
				00DD1BFF1BD5951E006B06BC /* Bundle React Native code and images */,
				00EEFC60759A1932668264C0 /* [CP] Embed Pods Frameworks */,
				E235C05ADACE081382539298 /* [CP] Copy Pods Resources */,
			);
			buildRules = (
			);
			dependencies = (
			);
			name = TC_mobile;
			productName = TC_mobile;
			productReference = 13B07F961A680F5B00A75B9A /* TC_mobile.app */;
			productType = "com.apple.product-type.application";
		};
/* End PBXNativeTarget section */

/* Begin PBXProject section */
		83CBB9F71A601CBA00E9B192 /* Project object */ = {
			isa = PBXProject;
			attributes = {
				LastUpgradeCheck = 1210;
				TargetAttributes = {
					13B07F861A680F5B00A75B9A = {
						LastSwiftMigration = 1120;
					};
				};
			};
			buildConfigurationList = 83CBB9FA1A601CBA00E9B192 /* Build configuration list for PBXProject "TC_mobile" */;
			compatibilityVersion = "Xcode 12.0";
			developmentRegion = en;
			hasScannedForEncodings = 0;
			knownRegions = (
				en,
				Base,
			);
			mainGroup = 83CBB9F61A601CBA00E9B192;
			productRefGroup = 83CBBA001A601CBA00E9B192 /* Products */;
			projectDirPath = "";
			projectRoot = "";
			targets = (
				13B07F861A680F5B00A75B9A /* TC_mobile */,
			);
		};
/* End PBXProject section */

/* Begin PBXResourcesBuildPhase section */
		13B07F8E1A680F5B00A75B9A /* Resources */ = {
			isa = PBXResourcesBuildPhase;
			buildActionMask = 2147483647;
			files = (
				81AB9BB82411601600AC10FF /* LaunchScreen.storyboard in Resources */,
				13B07FBF1A68108700A75B9A /* Images.xcassets in Resources */,
				91A2C32CF0114292933FA954 /* InstrumentSans-Bold.ttf in Resources */,
				43237D8181324424BCB1A50C /* InstrumentSans-BoldItalic.ttf in Resources */,
				015322470EAD49BC88D31500 /* InstrumentSans-Italic.ttf in Resources */,
				8C0B5F6FA1BC4121B3FCBA9D /* InstrumentSans-Medium.ttf in Resources */,
				AB6713EBC0304F1FACF3DA52 /* InstrumentSans-MediumItalic.ttf in Resources */,
				F76A7CAC0F594AA39D86C23F /* InstrumentSans-Regular.ttf in Resources */,
				6CF8B460D6C74EA6B4B83A8E /* InstrumentSans-SemiBold.ttf in Resources */,
				01E426AA3A5741C8B5D4DA27 /* InstrumentSans-SemiBoldItalic.ttf in Resources */,
				675B0D00062D4F1C952A3920 /* InstrumentSans_Condensed-Bold.ttf in Resources */,
				12BB3797D995440CB2CCED90 /* InstrumentSans_Condensed-BoldItalic.ttf in Resources */,
				47D7524B14614843BBA816F6 /* InstrumentSans_Condensed-Italic.ttf in Resources */,
				AF2277C4E87E4FA5ABE9500C /* InstrumentSans_Condensed-Medium.ttf in Resources */,
				B42DEF5760D445C998FA0535 /* InstrumentSans_Condensed-MediumItalic.ttf in Resources */,
				65EC07E4F8B04685ACF9C956 /* InstrumentSans_Condensed-Regular.ttf in Resources */,
				CB1FBB8708F244D686B7B6F3 /* InstrumentSans_Condensed-SemiBold.ttf in Resources */,
				6C1B19BC944247C490F34B6C /* InstrumentSans_Condensed-SemiBoldItalic.ttf in Resources */,
				7AAE47EA1DC74833923F2D25 /* InstrumentSans_SemiCondensed-Bold.ttf in Resources */,
				C55D835F75AE483BBCEB1D30 /* InstrumentSans_SemiCondensed-BoldItalic.ttf in Resources */,
				E5E25269388F4E72A0B9D374 /* InstrumentSans_SemiCondensed-Italic.ttf in Resources */,
				D3D09C4B64B748BB8F72638B /* InstrumentSans_SemiCondensed-Medium.ttf in Resources */,
				E09F08F4D78E4363B0010E83 /* InstrumentSans_SemiCondensed-MediumItalic.ttf in Resources */,
				3778B4459BA14C9BB2BA034F /* InstrumentSans_SemiCondensed-Regular.ttf in Resources */,
				97BE8C6B17AB4EEF960B79F0 /* InstrumentSans_SemiCondensed-SemiBold.ttf in Resources */,
				023A2C18933C4FA0AC1AE232 /* InstrumentSans_SemiCondensed-SemiBoldItalic.ttf in Resources */,
			);
			runOnlyForDeploymentPostprocessing = 0;
		};
/* End PBXResourcesBuildPhase section */

/* Begin PBXShellScriptBuildPhase section */
		00DD1BFF1BD5951E006B06BC /* Bundle React Native code and images */ = {
			isa = PBXShellScriptBuildPhase;
			buildActionMask = 2147483647;
			files = (
			);
			inputPaths = (
				"$(SRCROOT)/.xcode.env.local",
				"$(SRCROOT)/.xcode.env",
			);
			name = "Bundle React Native code and images";
			outputPaths = (
			);
			runOnlyForDeploymentPostprocessing = 0;
			shellPath = /bin/sh;
			shellScript = "set -e\n\nWITH_ENVIRONMENT=\"$REACT_NATIVE_PATH/scripts/xcode/with-environment.sh\"\nREACT_NATIVE_XCODE=\"$REACT_NATIVE_PATH/scripts/react-native-xcode.sh\"\n\n/bin/sh -c \"\\\"$WITH_ENVIRONMENT\\\" \\\"$REACT_NATIVE_XCODE\\\"\"\n";
		};
		00EEFC60759A1932668264C0 /* [CP] Embed Pods Frameworks */ = {
			isa = PBXShellScriptBuildPhase;
			buildActionMask = 2147483647;
			files = (
			);
			inputFileListPaths = (
				"${PODS_ROOT}/Target Support Files/Pods-TC_mobile/Pods-TC_mobile-frameworks-${CONFIGURATION}-input-files.xcfilelist",
			);
			name = "[CP] Embed Pods Frameworks";
			outputFileListPaths = (
				"${PODS_ROOT}/Target Support Files/Pods-TC_mobile/Pods-TC_mobile-frameworks-${CONFIGURATION}-output-files.xcfilelist",
			);
			runOnlyForDeploymentPostprocessing = 0;
			shellPath = /bin/sh;
			shellScript = "\"${PODS_ROOT}/Target Support Files/Pods-TC_mobile/Pods-TC_mobile-frameworks.sh\"\n";
			showEnvVarsInLog = 0;
		};
		C38B50BA6285516D6DCD4F65 /* [CP] Check Pods Manifest.lock */ = {
			isa = PBXShellScriptBuildPhase;
			buildActionMask = 2147483647;
			files = (
			);
			inputFileListPaths = (
			);
			inputPaths = (
				"${PODS_PODFILE_DIR_PATH}/Podfile.lock",
				"${PODS_ROOT}/Manifest.lock",
			);
			name = "[CP] Check Pods Manifest.lock";
			outputFileListPaths = (
			);
			outputPaths = (
				"$(DERIVED_FILE_DIR)/Pods-TC_mobile-checkManifestLockResult.txt",
			);
			runOnlyForDeploymentPostprocessing = 0;
			shellPath = /bin/sh;
			shellScript = "diff \"${PODS_PODFILE_DIR_PATH}/Podfile.lock\" \"${PODS_ROOT}/Manifest.lock\" > /dev/null\nif [ $? != 0 ] ; then\n    # print error to STDERR\n    echo \"error: The sandbox is not in sync with the Podfile.lock. Run 'pod install' or update your CocoaPods installation.\" >&2\n    exit 1\nfi\n# This output is used by Xcode 'outputs' to avoid re-running this script phase.\necho \"SUCCESS\" > \"${SCRIPT_OUTPUT_FILE_0}\"\n";
			showEnvVarsInLog = 0;
		};
		E235C05ADACE081382539298 /* [CP] Copy Pods Resources */ = {
			isa = PBXShellScriptBuildPhase;
			buildActionMask = 2147483647;
			files = (
			);
			inputFileListPaths = (
				"${PODS_ROOT}/Target Support Files/Pods-TC_mobile/Pods-TC_mobile-resources-${CONFIGURATION}-input-files.xcfilelist",
			);
			name = "[CP] Copy Pods Resources";
			outputFileListPaths = (
				"${PODS_ROOT}/Target Support Files/Pods-TC_mobile/Pods-TC_mobile-resources-${CONFIGURATION}-output-files.xcfilelist",
			);
			runOnlyForDeploymentPostprocessing = 0;
			shellPath = /bin/sh;
			shellScript = "\"${PODS_ROOT}/Target Support Files/Pods-TC_mobile/Pods-TC_mobile-resources.sh\"\n";
			showEnvVarsInLog = 0;
		};
/* End PBXShellScriptBuildPhase section */

/* Begin PBXSourcesBuildPhase section */
		13B07F871A680F5B00A75B9A /* Sources */ = {
			isa = PBXSourcesBuildPhase;
			buildActionMask = 2147483647;
			files = (
				761780ED2CA45674006654EE /* AppDelegate.swift in Sources */,
			);
			runOnlyForDeploymentPostprocessing = 0;
		};
/* End PBXSourcesBuildPhase section */

/* Begin XCBuildConfiguration section */
		13B07F941A680F5B00A75B9A /* Debug */ = {
			isa = XCBuildConfiguration;
			baseConfigurationReference = 3B4392A12AC88292D35C810B /* Pods-TC_mobile.debug.xcconfig */;
			buildSettings = {
				ASSETCATALOG_COMPILER_APPICON_NAME = AppIcon;
				CLANG_ENABLE_MODULES = YES;
				CURRENT_PROJECT_VERSION = 1;
				ENABLE_BITCODE = NO;
				INFOPLIST_FILE = TC_mobile/Info.plist;
				IPHONEOS_DEPLOYMENT_TARGET = 15.1;
				LD_RUNPATH_SEARCH_PATHS = (
					"$(inherited)",
					"@executable_path/Frameworks",
				);
				MARKETING_VERSION = 1.0;
				OTHER_LDFLAGS = (
					"$(inherited)",
					"-ObjC",
					"-lc++",
				);
				PRODUCT_BUNDLE_IDENTIFIER = "org.reactjs.native.example.$(PRODUCT_NAME:rfc1034identifier)";
				PRODUCT_NAME = TC_mobile;
				SWIFT_OPTIMIZATION_LEVEL = "-Onone";
				SWIFT_VERSION = 5.0;
				VERSIONING_SYSTEM = "apple-generic";
			};
			name = Debug;
		};
		13B07F951A680F5B00A75B9A /* Release */ = {
			isa = XCBuildConfiguration;
			baseConfigurationReference = 5709B34CF0A7D63546082F79 /* Pods-TC_mobile.release.xcconfig */;
			buildSettings = {
				ASSETCATALOG_COMPILER_APPICON_NAME = AppIcon;
				CLANG_ENABLE_MODULES = YES;
				CURRENT_PROJECT_VERSION = 1;
				INFOPLIST_FILE = TC_mobile/Info.plist;
				IPHONEOS_DEPLOYMENT_TARGET = 15.1;
				LD_RUNPATH_SEARCH_PATHS = (
					"$(inherited)",
					"@executable_path/Frameworks",
				);
				MARKETING_VERSION = 1.0;
				OTHER_LDFLAGS = (
					"$(inherited)",
					"-ObjC",
					"-lc++",
				);
				PRODUCT_BUNDLE_IDENTIFIER = "org.reactjs.native.example.$(PRODUCT_NAME:rfc1034identifier)";
				PRODUCT_NAME = TC_mobile;
				SWIFT_VERSION = 5.0;
				VERSIONING_SYSTEM = "apple-generic";
			};
			name = Release;
		};
		83CBBA201A601CBA00E9B192 /* Debug */ = {
			isa = XCBuildConfiguration;
			buildSettings = {
				ALWAYS_SEARCH_USER_PATHS = NO;
				CLANG_ANALYZER_LOCALIZABILITY_NONLOCALIZED = YES;
				CLANG_CXX_LANGUAGE_STANDARD = "c++20";
				CLANG_CXX_LIBRARY = "libc++";
				CLANG_ENABLE_MODULES = YES;
				CLANG_ENABLE_OBJC_ARC = YES;
				CLANG_WARN_BLOCK_CAPTURE_AUTORELEASING = YES;
				CLANG_WARN_BOOL_CONVERSION = YES;
				CLANG_WARN_COMMA = YES;
				CLANG_WARN_CONSTANT_CONVERSION = YES;
				CLANG_WARN_DEPRECATED_OBJC_IMPLEMENTATIONS = YES;
				CLANG_WARN_DIRECT_OBJC_ISA_USAGE = YES_ERROR;
				CLANG_WARN_EMPTY_BODY = YES;
				CLANG_WARN_ENUM_CONVERSION = YES;
				CLANG_WARN_INFINITE_RECURSION = YES;
				CLANG_WARN_INT_CONVERSION = YES;
				CLANG_WARN_NON_LITERAL_NULL_CONVERSION = YES;
				CLANG_WARN_OBJC_IMPLICIT_RETAIN_SELF = YES;
				CLANG_WARN_OBJC_LITERAL_CONVERSION = YES;
				CLANG_WARN_OBJC_ROOT_CLASS = YES_ERROR;
				CLANG_WARN_QUOTED_INCLUDE_IN_FRAMEWORK_HEADER = YES;
				CLANG_WARN_RANGE_LOOP_ANALYSIS = YES;
				CLANG_WARN_STRICT_PROTOTYPES = YES;
				CLANG_WARN_SUSPICIOUS_MOVE = YES;
				CLANG_WARN_UNREACHABLE_CODE = YES;
				CLANG_WARN__DUPLICATE_METHOD_MATCH = YES;
				"CODE_SIGN_IDENTITY[sdk=iphoneos*]" = "iPhone Developer";
				COPY_PHASE_STRIP = NO;
				ENABLE_STRICT_OBJC_MSGSEND = YES;
				ENABLE_TESTABILITY = YES;
				"EXCLUDED_ARCHS[sdk=iphonesimulator*]" = "";
				GCC_C_LANGUAGE_STANDARD = gnu99;
				GCC_DYNAMIC_NO_PIC = NO;
				GCC_NO_COMMON_BLOCKS = YES;
				GCC_OPTIMIZATION_LEVEL = 0;
				GCC_PREPROCESSOR_DEFINITIONS = (
					"DEBUG=1",
					"$(inherited)",
				);
				GCC_SYMBOLS_PRIVATE_EXTERN = NO;
				GCC_WARN_64_TO_32_BIT_CONVERSION = YES;
				GCC_WARN_ABOUT_RETURN_TYPE = YES_ERROR;
				GCC_WARN_UNDECLARED_SELECTOR = YES;
				GCC_WARN_UNINITIALIZED_AUTOS = YES_AGGRESSIVE;
				GCC_WARN_UNUSED_FUNCTION = YES;
				GCC_WARN_UNUSED_VARIABLE = YES;
				IPHONEOS_DEPLOYMENT_TARGET = 15.1;
				LD_RUNPATH_SEARCH_PATHS = (
					/usr/lib/swift,
					"$(inherited)",
				);
				LIBRARY_SEARCH_PATHS = (
					"\"$(SDKROOT)/usr/lib/swift\"",
					"\"$(TOOLCHAIN_DIR)/usr/lib/swift/$(PLATFORM_NAME)\"",
					"\"$(inherited)\"",
				);
				MTL_ENABLE_DEBUG_INFO = YES;
				ONLY_ACTIVE_ARCH = YES;
				OTHER_CPLUSPLUSFLAGS = (
					"$(OTHER_CFLAGS)",
					"-DFOLLY_NO_CONFIG",
					"-DFOLLY_MOBILE=1",
					"-DFOLLY_USE_LIBCPP=1",
					"-DFOLLY_CFG_NO_COROUTINES=1",
					"-DFOLLY_HAVE_CLOCK_GETTIME=1",
				);
				SDKROOT = iphoneos;
			};
			name = Debug;
		};
		83CBBA211A601CBA00E9B192 /* Release */ = {
			isa = XCBuildConfiguration;
			buildSettings = {
				ALWAYS_SEARCH_USER_PATHS = NO;
				CLANG_ANALYZER_LOCALIZABILITY_NONLOCALIZED = YES;
				CLANG_CXX_LANGUAGE_STANDARD = "c++20";
				CLANG_CXX_LIBRARY = "libc++";
				CLANG_ENABLE_MODULES = YES;
				CLANG_ENABLE_OBJC_ARC = YES;
				CLANG_WARN_BLOCK_CAPTURE_AUTORELEASING = YES;
				CLANG_WARN_BOOL_CONVERSION = YES;
				CLANG_WARN_COMMA = YES;
				CLANG_WARN_CONSTANT_CONVERSION = YES;
				CLANG_WARN_DEPRECATED_OBJC_IMPLEMENTATIONS = YES;
				CLANG_WARN_DIRECT_OBJC_ISA_USAGE = YES_ERROR;
				CLANG_WARN_EMPTY_BODY = YES;
				CLANG_WARN_ENUM_CONVERSION = YES;
				CLANG_WARN_INFINITE_RECURSION = YES;
				CLANG_WARN_INT_CONVERSION = YES;
				CLANG_WARN_NON_LITERAL_NULL_CONVERSION = YES;
				CLANG_WARN_OBJC_IMPLICIT_RETAIN_SELF = YES;
				CLANG_WARN_OBJC_LITERAL_CONVERSION = YES;
				CLANG_WARN_OBJC_ROOT_CLASS = YES_ERROR;
				CLANG_WARN_QUOTED_INCLUDE_IN_FRAMEWORK_HEADER = YES;
				CLANG_WARN_RANGE_LOOP_ANALYSIS = YES;
				CLANG_WARN_STRICT_PROTOTYPES = YES;
				CLANG_WARN_SUSPICIOUS_MOVE = YES;
				CLANG_WARN_UNREACHABLE_CODE = YES;
				CLANG_WARN__DUPLICATE_METHOD_MATCH = YES;
				"CODE_SIGN_IDENTITY[sdk=iphoneos*]" = "iPhone Developer";
				COPY_PHASE_STRIP = YES;
				ENABLE_NS_ASSERTIONS = NO;
				ENABLE_STRICT_OBJC_MSGSEND = YES;
				"EXCLUDED_ARCHS[sdk=iphonesimulator*]" = "";
				GCC_C_LANGUAGE_STANDARD = gnu99;
				GCC_NO_COMMON_BLOCKS = YES;
				GCC_WARN_64_TO_32_BIT_CONVERSION = YES;
				GCC_WARN_ABOUT_RETURN_TYPE = YES_ERROR;
				GCC_WARN_UNDECLARED_SELECTOR = YES;
				GCC_WARN_UNINITIALIZED_AUTOS = YES_AGGRESSIVE;
				GCC_WARN_UNUSED_FUNCTION = YES;
				GCC_WARN_UNUSED_VARIABLE = YES;
				IPHONEOS_DEPLOYMENT_TARGET = 15.1;
				LD_RUNPATH_SEARCH_PATHS = (
					/usr/lib/swift,
					"$(inherited)",
				);
				LIBRARY_SEARCH_PATHS = (
					"\"$(SDKROOT)/usr/lib/swift\"",
					"\"$(TOOLCHAIN_DIR)/usr/lib/swift/$(PLATFORM_NAME)\"",
					"\"$(inherited)\"",
				);
				MTL_ENABLE_DEBUG_INFO = NO;
				OTHER_CPLUSPLUSFLAGS = (
					"$(OTHER_CFLAGS)",
					"-DFOLLY_NO_CONFIG",
					"-DFOLLY_MOBILE=1",
					"-DFOLLY_USE_LIBCPP=1",
					"-DFOLLY_CFG_NO_COROUTINES=1",
					"-DFOLLY_HAVE_CLOCK_GETTIME=1",
				);
				SDKROOT = iphoneos;
				VALIDATE_PRODUCT = YES;
			};
			name = Release;
		};
/* End XCBuildConfiguration section */

/* Begin XCConfigurationList section */
		13B07F931A680F5B00A75B9A /* Build configuration list for PBXNativeTarget "TC_mobile" */ = {
			isa = XCConfigurationList;
			buildConfigurations = (
				13B07F941A680F5B00A75B9A /* Debug */,
				13B07F951A680F5B00A75B9A /* Release */,
			);
			defaultConfigurationIsVisible = 0;
			defaultConfigurationName = Release;
		};
		83CBB9FA1A601CBA00E9B192 /* Build configuration list for PBXProject "TC_mobile" */ = {
			isa = XCConfigurationList;
			buildConfigurations = (
				83CBBA201A601CBA00E9B192 /* Debug */,
				83CBBA211A601CBA00E9B192 /* Release */,
			);
			defaultConfigurationIsVisible = 0;
			defaultConfigurationName = Release;
		};
/* End XCConfigurationList section */
	};
	rootObject = 83CBB9F71A601CBA00E9B192 /* Project object */;
}
